{
  "name": "projectc-web",
  "version": "1.0.0",
  "lockfileVersion": 1,
  "requires": true,
  "dependencies": {
    "@types/cannon": {
      "version": "0.1.4",
      "resolved": "https://registry.npmjs.org/@types/cannon/-/cannon-0.1.4.tgz",
      "integrity": "sha512-Du7ylapwErz90Q9g9RXzieg5EV6rcuCDMHkVX9mXbFEjhFcWKYA5QcBWz95mqYQxrcU5ukZMBhmeNqww953cfA=="
    },
    "@types/node": {
      "version": "14.0.27",
      "resolved": "https://registry.npmjs.org/@types/node/-/node-14.0.27.tgz",
      "integrity": "sha512-kVrqXhbclHNHGu9ztnAwSncIgJv/FaxmzXJvGXNdcCpV1b8u1/Mi6z6m0vwy0LzKeXFTPLH0NzwmoJ3fNCIq0g=="
    },
    "cannon": {
      "version": "0.6.2",
      "resolved": "https://registry.npmjs.org/cannon/-/cannon-0.6.2.tgz",
      "integrity": "sha1-HnvHLdWEGYLzwQTCvFeL+k+xxXI="
    },
    "regenerator-runtime": {
      "version": "0.13.7",
      "resolved": "https://registry.npmjs.org/regenerator-runtime/-/regenerator-runtime-0.13.7.tgz",
      "integrity": "sha512-a54FxoJDIr27pgf7IgeQGxmqUNYrcV338lf/6gH456HZ/PhX+5BcwHXG9ajESmwe6WRO0tAzRUrRmNONWgkrew=="
    },
    "three": {
      "version": "0.119.1",
      "resolved": "https://registry.npmjs.org/three/-/three-0.119.1.tgz",
      "integrity": "sha512-GHyh/RiUfQ5VTiWIVRRTANYoXc1PFB1y+jDVRTb649nif1uX1F06PT1TKU3k2+F/MN4UJ3PWvQB53fY2OqKqKw=="
    },
    "typescript": {
      "version": "3.9.7",
      "resolved": "https://registry.npmjs.org/typescript/-/typescript-3.9.7.tgz",
      "integrity": "sha512-BLbiRkiBzAwsjut4x/dsibSTB6yWpwT5qWmC2OfuCg3GgVQCSgMs4vEctYPhsaGtd0AeuuHMkjZ2h2WG8MSzRw==",
      "dev": true
    }
  }
}
